// !$*UTF8*$!
{
	archiveVersion = 1;
	classes = {
	};
	objectVersion = 77;
	objects = {

/* Begin PBXContainerItemProxy section */
		D815CFA42F98ECCD003A0E35 /* PBXContainerItemProxy */ = {
			isa = PBXContainerItemProxy;
			containerPortal = D815CF8C2F98ECCC003A0E35 /* Project object */;
			proxyType = 1;
			remoteGlobalIDString = D815CF932F98ECCC003A0E35;
			remoteInfo = "Web3Application-iOS";
		};
		D815CFAE2F98ECCD003A0E35 /* PBXContainerItemProxy */ = {
			isa = PBXContainerItemProxy;
			containerPortal = D815CF8C2F98ECCC003A0E35 /* Project object */;
			proxyType = 1;
			remoteGlobalIDString = D815CF932F98ECCC003A0E35;
			remoteInfo = "Web3Application-iOS";
		};
/* End PBXContainerItemProxy section */

/* Begin PBXFileReference section */
		D815CF942F98ECCC003A0E35 /* Web3Application-iOS.app */ = {isa = PBXFileReference; explicitFileType = wrapper.application; includeInIndex = 0; path = "Web3Application-iOS.app"; sourceTree = BUILT_PRODUCTS_DIR; };
		D815CFA32F98ECCD003A0E35 /* Web3Application-iOSTests.xctest */ = {isa = PBXFileReference; explicitFileType = wrapper.cfbundle; includeInIndex = 0; path = "Web3Application-iOSTests.xctest"; sourceTree = BUILT_PRODUCTS_DIR; };
		D815CFAD2F98ECCD003A0E35 /* Web3Application-iOSUITests.xctest */ = {isa = PBXFileReference; explicitFileType = wrapper.cfbundle; includeInIndex = 0; path = "Web3Application-iOSUITests.xctest"; sourceTree = BUILT_PRODUCTS_DIR; };
/* End PBXFileReference section */

/* Begin PBXFileSystemSynchronizedRootGroup section */
		D815CF962F98ECCC003A0E35 /* Web3Application-iOS */ = {
			isa = PBXFileSystemSynchronizedRootGroup;
			path = "Web3Application-iOS";
			sourceTree = "<group>";
		};
		D815CFA62F98ECCD003A0E35 /* Web3Application-iOSTests */ = {
			isa = PBXFileSystemSynchronizedRootGroup;
			path = "Web3Application-iOSTests";
			sourceTree = "<group>";
		};
		D815CFB02F98ECCD003A0E35 /* Web3Application-iOSUITests */ = {
			isa = PBXFileSystemSynchronizedRootGroup;
			path = "Web3Application-iOSUITests";
			sourceTree = "<group>";
		};
/* End PBXFileSystemSynchronizedRootGroup section */

/* Begin PBXFrameworksBuildPhase section */
		D815CF912F98ECCC003A0E35 /* Frameworks */ = {
			isa = PBXFrameworksBuildPhase;
			buildActionMask = 2147483647;
			files = (
			);
			runOnlyForDeploymentPostprocessing = 0;
		};
		D815CFA02F98ECCD003A0E35 /* Frameworks */ = {
			isa = PBXFrameworksBuildPhase;
			buildActionMask = 2147483647;
			files = (
			);
			runOnlyForDeploymentPostprocessing = 0;
		};
		D815CFAA2F98ECCD003A0E35 /* Frameworks */ = {
			isa = PBXFrameworksBuildPhase;
			buildActionMask = 2147483647;
			files = (
			);
			runOnlyForDeploymentPostprocessing = 0;
		};
/* End PBXFrameworksBuildPhase section */

/* Begin PBXGroup section */
		D815CF8B2F98ECCC003A0E35 = {
			isa = PBXGroup;
			children = (
				D815CF962F98ECCC003A0E35 /* Web3Application-iOS */,
				D815CFA62F98ECCD003A0E35 /* Web3Application-iOSTests */,
				D815CFB02F98ECCD003A0E35 /* Web3Application-iOSUITests */,
				D815CF952F98ECCC003A0E35 /* Products */,
			);
			sourceTree = "<group>";
		};
		D815CF952F98ECCC003A0E35 /* Products */ = {
			isa = PBXGroup;
			children = (
				D815CF942F98ECCC003A0E35 /* Web3Application-iOS.app */,
				D815CFA32F98ECCD003A0E35 /* Web3Application-iOSTests.xctest */,
				D815CFAD2F98ECCD003A0E35 /* Web3Application-iOSUITests.xctest */,
			);
			name = Products;
			sourceTree = "<group>";
		};
/* End PBXGroup section */

/* Begin PBXNativeTarget section */
		D815CF932F98ECCC003A0E35 /* Web3Application-iOS */ = {
			isa = PBXNativeTarget;
			buildConfigurationList = D815CFB72F98ECCD003A0E35 /* Build configuration list for PBXNativeTarget "Web3Application-iOS" */;
			buildPhases = (
				D815CF902F98ECCC003A0E35 /* Sources */,
				D815CF912F98ECCC003A0E35 /* Frameworks */,
				D815CF922F98ECCC003A0E35 /* Resources */,
			);
			buildRules = (
			);
			dependencies = (
			);
			fileSystemSynchronizedGroups = (
				D815CF962F98ECCC003A0E35 /* Web3Application-iOS */,
			);
			name = "Web3Application-iOS";
			packageProductDependencies = (
			);
			productName = "Web3Application-iOS";
			productReference = D815CF942F98ECCC003A0E35 /* Web3Application-iOS.app */;
			productType = "com.apple.product-type.application";
		};
		D815CFA22F98ECCD003A0E35 /* Web3Application-iOSTests */ = {
			isa = PBXNativeTarget;
			buildConfigurationList = D815CFBA2F98ECCD003A0E35 /* Build configuration list for PBXNativeTarget "Web3Application-iOSTests" */;
			buildPhases = (
				D815CF9F2F98ECCD003A0E35 /* Sources */,
				D815CFA02F98ECCD003A0E35 /* Frameworks */,
				D815CFA12F98ECCD003A0E35 /* Resources */,
			);
			buildRules = (
			);
			dependencies = (
				D815CFA52F98ECCD003A0E35 /* PBXTargetDependency */,
			);
			fileSystemSynchronizedGroups = (
				D815CFA62F98ECCD003A0E35 /* Web3Application-iOSTests */,
			);
			name = "Web3Application-iOSTests";
			packageProductDependencies = (
			);
			productName = "Web3Application-iOSTests";
			productReference = D815CFA32F98ECCD003A0E35 /* Web3Application-iOSTests.xctest */;
			productType = "com.apple.product-type.bundle.unit-test";
		};
		D815CFAC2F98ECCD003A0E35 /* Web3Application-iOSUITests */ = {
			isa = PBXNativeTarget;
			buildConfigurationList = D815CFBD2F98ECCD003A0E35 /* Build configuration list for PBXNativeTarget "Web3Application-iOSUITests" */;
			buildPhases = (
				D815CFA92F98ECCD003A0E35 /* Sources */,
				D815CFAA2F98ECCD003A0E35 /* Frameworks */,
				D815CFAB2F98ECCD003A0E35 /* Resources */,
			);
			buildRules = (
			);
			dependencies = (
				D815CFAF2F98ECCD003A0E35 /* PBXTargetDependency */,
			);
			fileSystemSynchronizedGroups = (
				D815CFB02F98ECCD003A0E35 /* Web3Application-iOSUITests */,
			);
			name = "Web3Application-iOSUITests";
			packageProductDependencies = (
			);
			productName = "Web3Application-iOSUITests";
			productReference = D815CFAD2F98ECCD003A0E35 /* Web3Application-iOSUITests.xctest */;
			productType = "com.apple.product-type.bundle.ui-testing";
		};
/* End PBXNativeTarget section */

/* Begin PBXProject section */
		D815CF8C2F98ECCC003A0E35 /* Project object */ = {
			isa = PBXProject;
			attributes = {
				BuildIndependentTargetsInParallel = 1;
				LastSwiftUpdateCheck = 2640;
				LastUpgradeCheck = 2640;
				TargetAttributes = {
					D815CF932F98ECCC003A0E35 = {
						CreatedOnToolsVersion = 26.4.1;
					};
					D815CFA22F98ECCD003A0E35 = {
						CreatedOnToolsVersion = 26.4.1;
						TestTargetID = D815CF932F98ECCC003A0E35;
					};
					D815CFAC2F98ECCD003A0E35 = {
						CreatedOnToolsVersion = 26.4.1;
						TestTargetID = D815CF932F98ECCC003A0E35;
					};
				};
			};
			buildConfigurationList = D815CF8F2F98ECCC003A0E35 /* Build configuration list for PBXProject "Web3Application-iOS" */;
			developmentRegion = en;
			hasScannedForEncodings = 0;
			knownRegions = (
				en,
				Base,
			);
			mainGroup = D815CF8B2F98ECCC003A0E35;
			minimizedProjectReferenceProxies = 1;
			preferredProjectObjectVersion = 77;
			productRefGroup = D815CF952F98ECCC003A0E35 /* Products */;
			projectDirPath = "";
			projectRoot = "";
			targets = (
				D815CF932F98ECCC003A0E35 /* Web3Application-iOS */,
				D815CFA22F98ECCD003A0E35 /* Web3Application-iOSTests */,
				D815CFAC2F98ECCD003A0E35 /* Web3Application-iOSUITests */,
			);
		};
/* End PBXProject section */

/* Begin PBXResourcesBuildPhase section */
		D815CF922F98ECCC003A0E35 /* Resources */ = {
			isa = PBXResourcesBuildPhase;
			buildActionMask = 2147483647;
			files = (
			);
			runOnlyForDeploymentPostprocessing = 0;
		};
		D815CFA12F98ECCD003A0E35 /* Resources */ = {
			isa = PBXResourcesBuildPhase;
			buildActionMask = 2147483647;
			files = (
			);
			runOnlyForDeploymentPostprocessing = 0;
		};
		D815CFAB2F98ECCD003A0E35 /* Resources */ = {
			isa = PBXResourcesBuildPhase;
			buildActionMask = 2147483647;
			files = (
			);
			runOnlyForDeploymentPostprocessing = 0;
		};
/* End PBXResourcesBuildPhase section */

/* Begin PBXSourcesBuildPhase section */
		D815CF902F98ECCC003A0E35 /* Sources */ = {
			isa = PBXSourcesBuildPhase;
			buildActionMask = 2147483647;
			files = (
			);
			runOnlyForDeploymentPostprocessing = 0;
		};
		D815CF9F2F98ECCD003A0E35 /* Sources */ = {
			isa = PBXSourcesBuildPhase;
			buildActionMask = 2147483647;
			files = (
			);
			runOnlyForDeploymentPostprocessing = 0;
		};
		D815CFA92F98ECCD003A0E35 /* Sources */ = {
			isa = PBXSourcesBuildPhase;
			buildActionMask = 2147483647;
			files = (
			);
			runOnlyForDeploymentPostprocessing = 0;
		};
/* End PBXSourcesBuildPhase section */

/* Begin PBXTargetDependency section */
		D815CFA52F98ECCD003A0E35 /* PBXTargetDependency */ = {
			isa = PBXTargetDependency;
			target = D815CF932F98ECCC003A0E35 /* Web3Application-iOS */;
			targetProxy = D815CFA42F98ECCD003A0E35 /* PBXContainerItemProxy */;
		};
		D815CFAF2F98ECCD003A0E35 /* PBXTargetDependency */ = {
			isa = PBXTargetDependency;
			target = D815CF932F98ECCC003A0E35 /* Web3Application-iOS */;
			targetProxy = D815CFAE2F98ECCD003A0E35 /* PBXContainerItemProxy */;
		};
/* End PBXTargetDependency section */

/* Begin XCBuildConfiguration section */
		D815CFB52F98ECCD003A0E35 /* Debug */ = {
			isa = XCBuildConfiguration;
			buildSettings = {
				ALWAYS_SEARCH_USER_PATHS = NO;
				ASSETCATALOG_COMPILER_GENERATE_SWIFT_ASSET_SYMBOL_EXTENSIONS = YES;
				CLANG_ANALYZER_NONNULL = YES;
				CLANG_ANALYZER_NUMBER_OBJECT_CONVERSION = YES_AGGRESSIVE;
				CLANG_CXX_LANGUAGE_STANDARD = "gnu++20";
				CLANG_ENABLE_MODULES = YES;
				CLANG_ENABLE_OBJC_ARC = YES;
				CLANG_ENABLE_OBJC_WEAK = YES;
				CLANG_WARN_BLOCK_CAPTURE_AUTORELEASING = YES;
				CLANG_WARN_BOOL_CONVERSION = YES;
				CLANG_WARN_COMMA = YES;
				CLANG_WARN_CONSTANT_CONVERSION = YES;
				CLANG_WARN_DEPRECATED_OBJC_IMPLEMENTATIONS = YES;
				CLANG_WARN_DIRECT_OBJC_ISA_USAGE = YES_ERROR;
				CLANG_WARN_DOCUMENTATION_COMMENTS = YES;
				CLANG_WARN_EMPTY_BODY = YES;
				CLANG_WARN_ENUM_CONVERSION = YES;
				CLANG_WARN_INFINITE_RECURSION = YES;
				CLANG_WARN_INT_CONVERSION = YES;
				CLANG_WARN_NON_LITERAL_NULL_CONVERSION = YES;
				CLANG_WARN_OBJC_IMPLICIT_RETAIN_SELF = YES;
				CLANG_WARN_OBJC_LITERAL_CONVERSION = YES;
				CLANG_WARN_OBJC_ROOT_CLASS = YES_ERROR;
				CLANG_WARN_QUOTED_INCLUDE_IN_FRAMEWORK_HEADER = YES;
				CLANG_WARN_RANGE_LOOP_ANALYSIS = YES;
				CLANG_WARN_STRICT_PROTOTYPES = YES;
				CLANG_WARN_SUSPICIOUS_MOVE = YES;
				CLANG_WARN_UNGUARDED_AVAILABILITY = YES_AGGRESSIVE;
				CLANG_WARN_UNREACHABLE_CODE = YES;
				CLANG_WARN__DUPLICATE_METHOD_MATCH = YES;
				COPY_PHASE_STRIP = NO;
				DEBUG_INFORMATION_FORMAT = dwarf;
				DEVELOPMENT_TEAM = U4DYKJ433B;
				ENABLE_STRICT_OBJC_MSGSEND = YES;
				ENABLE_TESTABILITY = YES;
				ENABLE_USER_SCRIPT_SANDBOXING = YES;
				GCC_C_LANGUAGE_STANDARD = gnu17;
				GCC_DYNAMIC_NO_PIC = NO;
				GCC_NO_COMMON_BLOCKS = YES;
				GCC_OPTIMIZATION_LEVEL = 0;
				GCC_PREPROCESSOR_DEFINITIONS = (
					"DEBUG=1",
					"$(inherited)",
				);
				GCC_WARN_64_TO_32_BIT_CONVERSION = YES;
				GCC_WARN_ABOUT_RETURN_TYPE = YES_ERROR;
				GCC_WARN_UNDECLARED_SELECTOR = YES;
				GCC_WARN_UNINITIALIZED_AUTOS = YES_AGGRESSIVE;
				GCC_WARN_UNUSED_FUNCTION = YES;
				GCC_WARN_UNUSED_VARIABLE = YES;
				IPHONEOS_DEPLOYMENT_TARGET = 26.4;
				LOCALIZATION_PREFERS_STRING_CATALOGS = YES;
				MTL_ENABLE_DEBUG_INFO = INCLUDE_SOURCE;
				MTL_FAST_MATH = YES;
				ONLY_ACTIVE_ARCH = YES;
				SDKROOT = iphoneos;
				SWIFT_ACTIVE_COMPILATION_CONDITIONS = "DEBUG $(inherited)";
				SWIFT_OPTIMIZATION_LEVEL = "-Onone";
			};
			name = Debug;
		};
		D815CFB62F98ECCD003A0E35 /* Release */ = {
			isa = XCBuildConfiguration;
			buildSettings = {
				ALWAYS_SEARCH_USER_PATHS = NO;
				ASSETCATALOG_COMPILER_GENERATE_SWIFT_ASSET_SYMBOL_EXTENSIONS = YES;
				CLANG_ANALYZER_NONNULL = YES;
				CLANG_ANALYZER_NUMBER_OBJECT_CONVERSION = YES_AGGRESSIVE;
				CLANG_CXX_LANGUAGE_STANDARD = "gnu++20";
				CLANG_ENABLE_MODULES = YES;
				CLANG_ENABLE_OBJC_ARC = YES;
				CLANG_ENABLE_OBJC_WEAK = YES;
				CLANG_WARN_BLOCK_CAPTURE_AUTORELEASING = YES;
				CLANG_WARN_BOOL_CONVERSION = YES;
				CLANG_WARN_COMMA = YES;
				CLANG_WARN_CONSTANT_CONVERSION = YES;
				CLANG_WARN_DEPRECATED_OBJC_IMPLEMENTATIONS = YES;
				CLANG_WARN_DIRECT_OBJC_ISA_USAGE = YES_ERROR;
				CLANG_WARN_DOCUMENTATION_COMMENTS = YES;
				CLANG_WARN_EMPTY_BODY = YES;
				CLANG_WARN_ENUM_CONVERSION = YES;
				CLANG_WARN_INFINITE_RECURSION = YES;
				CLANG_WARN_INT_CONVERSION = YES;
				CLANG_WARN_NON_LITERAL_NULL_CONVERSION = YES;
				CLANG_WARN_OBJC_IMPLICIT_RETAIN_SELF = YES;
				CLANG_WARN_OBJC_LITERAL_CONVERSION = YES;
				CLANG_WARN_OBJC_ROOT_CLASS = YES_ERROR;
				CLANG_WARN_QUOTED_INCLUDE_IN_FRAMEWORK_HEADER = YES;
				CLANG_WARN_RANGE_LOOP_ANALYSIS = YES;
				CLANG_WARN_STRICT_PROTOTYPES = YES;
				CLANG_WARN_SUSPICIOUS_MOVE = YES;
				CLANG_WARN_UNGUARDED_AVAILABILITY = YES_AGGRESSIVE;
				CLANG_WARN_UNREACHABLE_CODE = YES;
				CLANG_WARN__DUPLICATE_METHOD_MATCH = YES;
				COPY_PHASE_STRIP = NO;
				DEBUG_INFORMATION_FORMAT = "dwarf-with-dsym";
				DEVELOPMENT_TEAM = U4DYKJ433B;
				ENABLE_NS_ASSERTIONS = NO;
				ENABLE_STRICT_OBJC_MSGSEND = YES;
				ENABLE_USER_SCRIPT_SANDBOXING = YES;
				GCC_C_LANGUAGE_STANDARD = gnu17;
				GCC_NO_COMMON_BLOCKS = YES;
				GCC_WARN_64_TO_32_BIT_CONVERSION = YES;
				GCC_WARN_ABOUT_RETURN_TYPE = YES_ERROR;
				GCC_WARN_UNDECLARED_SELECTOR = YES;
				GCC_WARN_UNINITIALIZED_AUTOS = YES_AGGRESSIVE;
				GCC_WARN_UNUSED_FUNCTION = YES;
				GCC_WARN_UNUSED_VARIABLE = YES;
				IPHONEOS_DEPLOYMENT_TARGET = 26.4;
				LOCALIZATION_PREFERS_STRING_CATALOGS = YES;
				MTL_ENABLE_DEBUG_INFO = NO;
				MTL_FAST_MATH = YES;
				SDKROOT = iphoneos;
				SWIFT_COMPILATION_MODE = wholemodule;
				VALIDATE_PRODUCT = YES;
			};
			name = Release;
		};
		D815CFB82F98ECCD003A0E35 /* Debug */ = {
			isa = XCBuildConfiguration;
			buildSettings = {
				ASSETCATALOG_COMPILER_APPICON_NAME = AppIcon;
				ASSETCATALOG_COMPILER_GLOBAL_ACCENT_COLOR_NAME = AccentColor;
				CODE_SIGN_STYLE = Automatic;
				CURRENT_PROJECT_VERSION = 1;
				DEVELOPMENT_TEAM = U4DYKJ433B;
				ENABLE_PREVIEWS = YES;
				GENERATE_INFOPLIST_FILE = YES;
				INFOPLIST_KEY_UIApplicationSceneManifest_Generation = YES;
				INFOPLIST_KEY_UIApplicationSupportsIndirectInputEvents = YES;
				INFOPLIST_KEY_UILaunchScreen_Generation = YES;
				INFOPLIST_KEY_UISupportedInterfaceOrientations_iPad = "UIInterfaceOrientationPortrait UIInterfaceOrientationPortraitUpsideDown UIInterfaceOrientationLandscapeLeft UIInterfaceOrientationLandscapeRight";
				INFOPLIST_KEY_UISupportedInterfaceOrientations_iPhone = "UIInterfaceOrientationPortrait UIInterfaceOrientationLandscapeLeft UIInterfaceOrientationLandscapeRight";
				LD_RUNPATH_SEARCH_PATHS = (
					"$(inherited)",
					"@executable_path/Frameworks",
				);
				MARKETING_VERSION = 1.0;
				PRODUCT_BUNDLE_IDENTIFIER = "nathan.tan.Web3Application-iOS";
				PRODUCT_NAME = "$(TARGET_NAME)";
				STRING_CATALOG_GENERATE_SYMBOLS = YES;
				SWIFT_APPROACHABLE_CONCURRENCY = YES;
				SWIFT_DEFAULT_ACTOR_ISOLATION = MainActor;
				SWIFT_EMIT_LOC_STRINGS = YES;
				SWIFT_UPCOMING_FEATURE_MEMBER_IMPORT_VISIBILITY = YES;
				SWIFT_VERSION = 5.0;
				TARGETED_DEVICE_FAMILY = "1,2";
			};
			name = Debug;
		};
		D815CFB92F98ECCD003A0E35 /* Release */ = {
			isa = XCBuildConfiguration;
			buildSettings = {
				ASSETCATALOG_COMPILER_APPICON_NAME = AppIcon;
				ASSETCATALOG_COMPILER_GLOBAL_ACCENT_COLOR_NAME = AccentColor;
				CODE_SIGN_STYLE = Automatic;
				CURRENT_PROJECT_VERSION = 1;
				DEVELOPMENT_TEAM = U4DYKJ433B;
				ENABLE_PREVIEWS = YES;
				GENERATE_INFOPLIST_FILE = YES;
				INFOPLIST_KEY_UIApplicationSceneManifest_Generation = YES;
				INFOPLIST_KEY_UIApplicationSupportsIndirectInputEvents = YES;
				INFOPLIST_KEY_UILaunchScreen_Generation = YES;
				INFOPLIST_KEY_UISupportedInterfaceOrientations_iPad = "UIInterfaceOrientationPortrait UIInterfaceOrientationPortraitUpsideDown UIInterfaceOrientationLandscapeLeft UIInterfaceOrientationLandscapeRight";
				INFOPLIST_KEY_UISupportedInterfaceOrientations_iPhone = "UIInterfaceOrientationPortrait UIInterfaceOrientationLandscapeLeft UIInterfaceOrientationLandscapeRight";
				LD_RUNPATH_SEARCH_PATHS = (
					"$(inherited)",
					"@executable_path/Frameworks",
				);
				MARKETING_VERSION = 1.0;
				PRODUCT_BUNDLE_IDENTIFIER = "nathan.tan.Web3Application-iOS";
				PRODUCT_NAME = "$(TARGET_NAME)";
				STRING_CATALOG_GENERATE_SYMBOLS = YES;
				SWIFT_APPROACHABLE_CONCURRENCY = YES;
				SWIFT_DEFAULT_ACTOR_ISOLATION = MainActor;
				SWIFT_EMIT_LOC_STRINGS = YES;
				SWIFT_UPCOMING_FEATURE_MEMBER_IMPORT_VISIBILITY = YES;
				SWIFT_VERSION = 5.0;
				TARGETED_DEVICE_FAMILY = "1,2";
			};
			name = Release;
		};
		D815CFBB2F98ECCD003A0E35 /* Debug */ = {
			isa = XCBuildConfiguration;
			buildSettings = {
				BUNDLE_LOADER = "$(TEST_HOST)";
				CODE_SIGN_STYLE = Automatic;
				CURRENT_PROJECT_VERSION = 1;
				DEVELOPMENT_TEAM = U4DYKJ433B;
				GENERATE_INFOPLIST_FILE = YES;
				IPHONEOS_DEPLOYMENT_TARGET = 26.4;
				MARKETING_VERSION = 1.0;
				PRODUCT_BUNDLE_IDENTIFIER = "nathan.tan.Web3Application-iOSTests";
				PRODUCT_NAME = "$(TARGET_NAME)";
				STRING_CATALOG_GENERATE_SYMBOLS = NO;
				SWIFT_APPROACHABLE_CONCURRENCY = YES;
				SWIFT_EMIT_LOC_STRINGS = NO;
				SWIFT_UPCOMING_FEATURE_MEMBER_IMPORT_VISIBILITY = YES;
				SWIFT_VERSION = 5.0;
				TARGETED_DEVICE_FAMILY = "1,2";
				TEST_HOST = "$(BUILT_PRODUCTS_DIR)/Web3Application-iOS.app/$(BUNDLE_EXECUTABLE_FOLDER_PATH)/Web3Application-iOS";
			};
			name = Debug;
		};
		D815CFBC2F98ECCD003A0E35 /* Release */ = {
			isa = XCBuildConfiguration;
			buildSettings = {
				BUNDLE_LOADER = "$(TEST_HOST)";
				CODE_SIGN_STYLE = Automatic;
				CURRENT_PROJECT_VERSION = 1;
				DEVELOPMENT_TEAM = U4DYKJ433B;
				GENERATE_INFOPLIST_FILE = YES;
				IPHONEOS_DEPLOYMENT_TARGET = 26.4;
				MARKETING_VERSION = 1.0;
				PRODUCT_BUNDLE_IDENTIFIER = "nathan.tan.Web3Application-iOSTests";
				PRODUCT_NAME = "$(TARGET_NAME)";
				STRING_CATALOG_GENERATE_SYMBOLS = NO;
				SWIFT_APPROACHABLE_CONCURRENCY = YES;
				SWIFT_EMIT_LOC_STRINGS = NO;
				SWIFT_UPCOMING_FEATURE_MEMBER_IMPORT_VISIBILITY = YES;
				SWIFT_VERSION = 5.0;
				TARGETED_DEVICE_FAMILY = "1,2";
				TEST_HOST = "$(BUILT_PRODUCTS_DIR)/Web3Application-iOS.app/$(BUNDLE_EXECUTABLE_FOLDER_PATH)/Web3Application-iOS";
			};
			name = Release;
		};
		D815CFBE2F98ECCD003A0E35 /* Debug */ = {
			isa = XCBuildConfiguration;
			buildSettings = {
				CODE_SIGN_STYLE = Automatic;
				CURRENT_PROJECT_VERSION = 1;
				DEVELOPMENT_TEAM = U4DYKJ433B;
				GENERATE_INFOPLIST_FILE = YES;
				MARKETING_VERSION = 1.0;
				PRODUCT_BUNDLE_IDENTIFIER = "nathan.tan.Web3Application-iOSUITests";
				PRODUCT_NAME = "$(TARGET_NAME)";
				STRING_CATALOG_GENERATE_SYMBOLS = NO;
				SWIFT_APPROACHABLE_CONCURRENCY = YES;
				SWIFT_EMIT_LOC_STRINGS = NO;
				SWIFT_UPCOMING_FEATURE_MEMBER_IMPORT_VISIBILITY = YES;
				SWIFT_VERSION = 5.0;
				TARGETED_DEVICE_FAMILY = "1,2";
				TEST_TARGET_NAME = "Web3Application-iOS";
			};
			name = Debug;
		};
		D815CFBF2F98ECCD003A0E35 /* Release */ = {
			isa = XCBuildConfiguration;
			buildSettings = {
				CODE_SIGN_STYLE = Automatic;
				CURRENT_PROJECT_VERSION = 1;
				DEVELOPMENT_TEAM = U4DYKJ433B;
				GENERATE_INFOPLIST_FILE = YES;
				MARKETING_VERSION = 1.0;
				PRODUCT_BUNDLE_IDENTIFIER = "nathan.tan.Web3Application-iOSUITests";
				PRODUCT_NAME = "$(TARGET_NAME)";
				STRING_CATALOG_GENERATE_SYMBOLS = NO;
				SWIFT_APPROACHABLE_CONCURRENCY = YES;
				SWIFT_EMIT_LOC_STRINGS = NO;
				SWIFT_UPCOMING_FEATURE_MEMBER_IMPORT_VISIBILITY = YES;
				SWIFT_VERSION = 5.0;
				TARGETED_DEVICE_FAMILY = "1,2";
				TEST_TARGET_NAME = "Web3Application-iOS";
			};
			name = Release;
		};
/* End XCBuildConfiguration section */

/* Begin XCConfigurationList section */
		D815CF8F2F98ECCC003A0E35 /* Build configuration list for PBXProject "Web3Application-iOS" */ = {
			isa = XCConfigurationList;
			buildConfigurations = (
				D815CFB52F98ECCD003A0E35 /* Debug */,
				D815CFB62F98ECCD003A0E35 /* Release */,
			);
			defaultConfigurationIsVisible = 0;
			defaultConfigurationName = Release;
		};
		D815CFB72F98ECCD003A0E35 /* Build configuration list for PBXNativeTarget "Web3Application-iOS" */ = {
			isa = XCConfigurationList;
			buildConfigurations = (
				D815CFB82F98ECCD003A0E35 /* Debug */,
				D815CFB92F98ECCD003A0E35 /* Release */,
			);
			defaultConfigurationIsVisible = 0;
			defaultConfigurationName = Release;
		};
		D815CFBA2F98ECCD003A0E35 /* Build configuration list for PBXNativeTarget "Web3Application-iOSTests" */ = {
			isa = XCConfigurationList;
			buildConfigurations = (
				D815CFBB2F98ECCD003A0E35 /* Debug */,
				D815CFBC2F98ECCD003A0E35 /* Release */,
			);
			defaultConfigurationIsVisible = 0;
			defaultConfigurationName = Release;
		};
		D815CFBD2F98ECCD003A0E35 /* Build configuration list for PBXNativeTarget "Web3Application-iOSUITests" */ = {
			isa = XCConfigurationList;
			buildConfigurations = (
				D815CFBE2F98ECCD003A0E35 /* Debug */,
				D815CFBF2F98ECCD003A0E35 /* Release */,
			);
			defaultConfigurationIsVisible = 0;
			defaultConfigurationName = Release;
		};
/* End XCConfigurationList section */
	};
	rootObject = D815CF8C2F98ECCC003A0E35 /* Project object */;
}
